
Microsoft Visual Studio Solution File, Format Version 12.00
# Visual Studio Version 17
VisualStudioVersion = 17.5.002.0
MinimumVisualStudioVersion = 10.0.40219.1
Project("{9A19103F-16F7-4668-BE54-9A1E7A4F7556}") = "Jan2024", "Jan2024.csproj", "{5321F6AA-0E74-41D6-B68E-1BFFEAD8C28B}"
EndProject
Global
	GlobalSection(SolutionConfigurationPlatforms) = preSolution
		Debug|Any CPU = Debug|Any CPU
		Release|Any CPU = Release|Any CPU
	EndGlobalSection
	GlobalSection(ProjectConfigurationPlatforms) = postSolution
		{5321F6AA-0E74-41D6-B68E-1BFFEAD8C28B}.Debug|Any CPU.ActiveCfg = Debug|Any CPU
		{5321F6AA-0E74-41D6-B68E-1BFFEAD8C28B}.Debug|Any CPU.Build.0 = Debug|Any CPU
		{5321F6AA-0E74-41D6-B68E-1BFFEAD8C28B}.Release|Any CPU.ActiveCfg = Release|Any CPU
		{5321F6AA-0E74-41D6-B68E-1BFFEAD8C28B}.Release|Any CPU.Build.0 = Release|Any CPU
	EndGlobalSection
	GlobalSection(SolutionProperties) = preSolution
		HideSolutionNode = FALSE
	EndGlobalSection
	GlobalSection(ExtensibilityGlobals) = postSolution
		SolutionGuid = {A6450CF5-D53B-4CB9-A6A9-9FA90305099A}
	EndGlobalSection
EndGlobal
